
Microsoft Visual Studio Solution File, Format Version 12.00
# Visual Studio Version 16
VisualStudioVersion = 16.0.30717.126
MinimumVisualStudioVersion = 10.0.40219.1
Project("{FAE04EC0-301F-11D3-BF4B-00C04F79EFBC}") = "fisketorvet_project_v1", "fisketorvet_project_v1\fisketorvet_project_v1.csproj", "{F3A567E7-A492-4FDA-92CF-FECF4AE8A180}"
EndProject
Global
	GlobalSection(SolutionConfigurationPlatforms) = preSolution
		Debug|Any CPU = Debug|Any CPU
		Release|Any CPU = Release|Any CPU
	EndGlobalSection
	GlobalSection(ProjectConfigurationPlatforms) = postSolution
		{F3A567E7-A492-4FDA-92CF-FECF4AE8A180}.Debug|Any CPU.ActiveCfg = Debug|Any CPU
		{F3A567E7-A492-4FDA-92CF-FECF4AE8A180}.Debug|Any CPU.Build.0 = Debug|Any CPU
		{F3A567E7-A492-4FDA-92CF-FECF4AE8A180}.Release|Any CPU.ActiveCfg = Release|Any CPU
		{F3A567E7-A492-4FDA-92CF-FECF4AE8A180}.Release|Any CPU.Build.0 = Release|Any CPU
	EndGlobalSection
	GlobalSection(SolutionProperties) = preSolution
		HideSolutionNode = FALSE
	EndGlobalSection
	GlobalSection(ExtensibilityGlobals) = postSolution
		SolutionGuid = {EB6836C9-750C-4F74-8F46-89D9D9891006}
	EndGlobalSection
EndGlobal
